
Microsoft Visual Studio Solution File, Format Version 12.00
# Visual Studio Version 16
VisualStudioVersion = 16.0.30907.101
MinimumVisualStudioVersion = 10.0.40219.1
Project("{FAE04EC0-301F-11D3-BF4B-00C04F79EFBC}") = "Windows Media Player", "Windows Media Player\Windows Media Player.csproj", "{94F3F4D3-3C9D-4A5D-B4B1-67E6C86D7B96}"
EndProject
Global
	GlobalSection(SolutionConfigurationPlatforms) = preSolution
		Debug|Any CPU = Debug|Any CPU
		Release|Any CPU = Release|Any CPU
	EndGlobalSection
	GlobalSection(ProjectConfigurationPlatforms) = postSolution
		{94F3F4D3-3C9D-4A5D-B4B1-67E6C86D7B96}.Debug|Any CPU.ActiveCfg = Debug|Any CPU
		{94F3F4D3-3C9D-4A5D-B4B1-67E6C86D7B96}.Debug|Any CPU.Build.0 = Debug|Any CPU
		{94F3F4D3-3C9D-4A5D-B4B1-67E6C86D7B96}.Release|Any CPU.ActiveCfg = Release|Any CPU
		{94F3F4D3-3C9D-4A5D-B4B1-67E6C86D7B96}.Release|Any CPU.Build.0 = Release|Any CPU
	EndGlobalSection
	GlobalSection(SolutionProperties) = preSolution
		HideSolutionNode = FALSE
	EndGlobalSection
	GlobalSection(ExtensibilityGlobals) = postSolution
		SolutionGuid = {98EAFAA8-9123-46E9-A1B2-CF33BE3866AC}
	EndGlobalSection
EndGlobal
